
Microsoft Visual Studio Solution File, Format Version 12.00
# Visual Studio Version 17
VisualStudioVersion = 17.11.35118.90
MinimumVisualStudioVersion = 10.0.40219.1
Project("{9A19103F-16F7-4668-BE54-9A1E7A4F7556}") = "DeviceCore", "DeviceCore\DeviceCore.csproj", "{E1408633-2B51-4163-9FC9-B93B4B072A8E}"
EndProject
Project("{9A19103F-16F7-4668-BE54-9A1E7A4F7556}") = "ANG24.Core.Devices", "ANG24.Core.Devices\ANG24.Core.Devices.csproj", "{EDE5D75C-1905-4E92-970C-AF9F50A97B8A}"
EndProject
Project("{9A19103F-16F7-4668-BE54-9A1E7A4F7556}") = "ANG24.Core.Devices.Interfaces", "ANG24.Core.Devices.Interfaces\ANG24.Core.Devices.Interfaces.csproj", "{1B88F700-48DB-419C-84A2-34AFDD0042DF}"
EndProject
Project("{FAE04EC0-301F-11D3-BF4B-00C04F79EFBC}") = "TerminalLab", "TerminalLab\TerminalLab.csproj", "{1207D7AE-1815-4C6E-A13C-E3DA122EE4D9}"
EndProject
Project("{FAE04EC0-301F-11D3-BF4B-00C04F79EFBC}") = "ANG24.Core.Devices.External", "ANG24.Core.Devices.External\ANG24.Core.Devices.External.csproj", "{336412AD-D084-4BAD-A4A8-980ABDAE73E6}"
EndProject
Global
	GlobalSection(SolutionConfigurationPlatforms) = preSolution
		Debug|Any CPU = Debug|Any CPU
		Release|Any CPU = Release|Any CPU
	EndGlobalSection
	GlobalSection(ProjectConfigurationPlatforms) = postSolution
		{E1408633-2B51-4163-9FC9-B93B4B072A8E}.Debug|Any CPU.ActiveCfg = Debug|Any CPU
		{E1408633-2B51-4163-9FC9-B93B4B072A8E}.Debug|Any CPU.Build.0 = Debug|Any CPU
		{E1408633-2B51-4163-9FC9-B93B4B072A8E}.Release|Any CPU.ActiveCfg = Release|Any CPU
		{E1408633-2B51-4163-9FC9-B93B4B072A8E}.Release|Any CPU.Build.0 = Release|Any CPU
		{EDE5D75C-1905-4E92-970C-AF9F50A97B8A}.Debug|Any CPU.ActiveCfg = Debug|Any CPU
		{EDE5D75C-1905-4E92-970C-AF9F50A97B8A}.Debug|Any CPU.Build.0 = Debug|Any CPU
		{EDE5D75C-1905-4E92-970C-AF9F50A97B8A}.Release|Any CPU.ActiveCfg = Release|Any CPU
		{EDE5D75C-1905-4E92-970C-AF9F50A97B8A}.Release|Any CPU.Build.0 = Release|Any CPU
		{1B88F700-48DB-419C-84A2-34AFDD0042DF}.Debug|Any CPU.ActiveCfg = Debug|Any CPU
		{1B88F700-48DB-419C-84A2-34AFDD0042DF}.Debug|Any CPU.Build.0 = Debug|Any CPU
		{1B88F700-48DB-419C-84A2-34AFDD0042DF}.Release|Any CPU.ActiveCfg = Release|Any CPU
		{1B88F700-48DB-419C-84A2-34AFDD0042DF}.Release|Any CPU.Build.0 = Release|Any CPU
		{1207D7AE-1815-4C6E-A13C-E3DA122EE4D9}.Debug|Any CPU.ActiveCfg = Debug|Any CPU
		{1207D7AE-1815-4C6E-A13C-E3DA122EE4D9}.Debug|Any CPU.Build.0 = Debug|Any CPU
		{1207D7AE-1815-4C6E-A13C-E3DA122EE4D9}.Release|Any CPU.ActiveCfg = Release|Any CPU
		{1207D7AE-1815-4C6E-A13C-E3DA122EE4D9}.Release|Any CPU.Build.0 = Release|Any CPU
		{336412AD-D084-4BAD-A4A8-980ABDAE73E6}.Debug|Any CPU.ActiveCfg = Debug|Any CPU
		{336412AD-D084-4BAD-A4A8-980ABDAE73E6}.Debug|Any CPU.Build.0 = Debug|Any CPU
		{336412AD-D084-4BAD-A4A8-980ABDAE73E6}.Release|Any CPU.ActiveCfg = Release|Any CPU
		{336412AD-D084-4BAD-A4A8-980ABDAE73E6}.Release|Any CPU.Build.0 = Release|Any CPU
	EndGlobalSection
	GlobalSection(SolutionProperties) = preSolution
		HideSolutionNode = FALSE
	EndGlobalSection
	GlobalSection(ExtensibilityGlobals) = postSolution
		SolutionGuid = {5F10C913-47FF-4C7D-BD36-D3013979B20A}
	EndGlobalSection
EndGlobal
