
Microsoft Visual Studio Solution File, Format Version 12.00
# Visual Studio Version 17
VisualStudioVersion = 17.11.35118.90
MinimumVisualStudioVersion = 10.0.40219.1
Project("{9A19103F-16F7-4668-BE54-9A1E7A4F7556}") = "DeviceCore", "DeviceCore\DeviceCore.csproj", "{E1408633-2B51-4163-9FC9-B93B4B072A8E}"
EndProject
Project("{FAE04EC0-301F-11D3-BF4B-00C04F79EFBC}") = "TerminalLab", "TerminalLab\TerminalLab.csproj", "{1207D7AE-1815-4C6E-A13C-E3DA122EE4D9}"
EndProject
Project("{FAE04EC0-301F-11D3-BF4B-00C04F79EFBC}") = "ANG24.Core.Entities", "ANG24.Core.Entities\ANG24.Core.Entities.csproj", "{7D6BC5E5-7CC8-4A0C-86BA-310816E444AC}"
EndProject
Project("{FAE04EC0-301F-11D3-BF4B-00C04F79EFBC}") = "ANG24.Infrastructure.Physical", "ANG24.Infrastructure.Physical\ANG24.Infrastructure.Physical.csproj", "{EBD81A59-98FE-4B7A-8831-67769BCF27F6}"
	ProjectSection(ProjectDependencies) = postProject
		{7D6BC5E5-7CC8-4A0C-86BA-310816E444AC} = {7D6BC5E5-7CC8-4A0C-86BA-310816E444AC}
	EndProjectSection
EndProject
Project("{FAE04EC0-301F-11D3-BF4B-00C04F79EFBC}") = "ANG24.Infrastructure.Logical", "ANG24.Infrastructure.Logical\ANG24.Infrastructure.Logical.csproj", "{1AA49847-4E32-47AD-9963-4C32DCBD8D42}"
	ProjectSection(ProjectDependencies) = postProject
		{7D6BC5E5-7CC8-4A0C-86BA-310816E444AC} = {7D6BC5E5-7CC8-4A0C-86BA-310816E444AC}
		{7FF3F7DD-B54B-4E5D-800D-DF0ADDCFA07C} = {7FF3F7DD-B54B-4E5D-800D-DF0ADDCFA07C}
	EndProjectSection
EndProject
Project("{FAE04EC0-301F-11D3-BF4B-00C04F79EFBC}") = "ANG24.Core.Interfaces", "ANG24.Core.Interfaces\ANG24.Core.Interfaces.csproj", "{7FF3F7DD-B54B-4E5D-800D-DF0ADDCFA07C}"
	ProjectSection(ProjectDependencies) = postProject
		{7D6BC5E5-7CC8-4A0C-86BA-310816E444AC} = {7D6BC5E5-7CC8-4A0C-86BA-310816E444AC}
	EndProjectSection
EndProject
Project("{FAE04EC0-301F-11D3-BF4B-00C04F79EFBC}") = "ANG24.Core.External", "ANG24.Core.External\ANG24.Core.External.csproj", "{ED85E28A-87E7-4A2F-A187-AD7B312AE755}"
	ProjectSection(ProjectDependencies) = postProject
		{7D6BC5E5-7CC8-4A0C-86BA-310816E444AC} = {7D6BC5E5-7CC8-4A0C-86BA-310816E444AC}
		{7FF3F7DD-B54B-4E5D-800D-DF0ADDCFA07C} = {7FF3F7DD-B54B-4E5D-800D-DF0ADDCFA07C}
	EndProjectSection
EndProject
Project("{FAE04EC0-301F-11D3-BF4B-00C04F79EFBC}") = "ANG24.Infrastructure.Middleware", "ANG24.Infrastructure.Middleware\ANG24.Infrastructure.Middleware.csproj", "{A23296FD-1EE1-4D9F-8A06-BDCCBC871E3B}"
EndProject
Project("{FAE04EC0-301F-11D3-BF4B-00C04F79EFBC}") = "ANG24.Core.Interfaces.External", "ANG24.Core.Interfaces.External\ANG24.Core.Interfaces.External.csproj", "{F9310300-FE26-49A0-AFA9-0EFD11C9F31F}"
	ProjectSection(ProjectDependencies) = postProject
		{7FF3F7DD-B54B-4E5D-800D-DF0ADDCFA07C} = {7FF3F7DD-B54B-4E5D-800D-DF0ADDCFA07C}
	EndProjectSection
EndProject
Global
	GlobalSection(SolutionConfigurationPlatforms) = preSolution
		Debug|Any CPU = Debug|Any CPU
		Release|Any CPU = Release|Any CPU
	EndGlobalSection
	GlobalSection(ProjectConfigurationPlatforms) = postSolution
		{E1408633-2B51-4163-9FC9-B93B4B072A8E}.Debug|Any CPU.ActiveCfg = Debug|Any CPU
		{E1408633-2B51-4163-9FC9-B93B4B072A8E}.Debug|Any CPU.Build.0 = Debug|Any CPU
		{E1408633-2B51-4163-9FC9-B93B4B072A8E}.Release|Any CPU.ActiveCfg = Release|Any CPU
		{E1408633-2B51-4163-9FC9-B93B4B072A8E}.Release|Any CPU.Build.0 = Release|Any CPU
		{1207D7AE-1815-4C6E-A13C-E3DA122EE4D9}.Debug|Any CPU.ActiveCfg = Debug|Any CPU
		{1207D7AE-1815-4C6E-A13C-E3DA122EE4D9}.Debug|Any CPU.Build.0 = Debug|Any CPU
		{1207D7AE-1815-4C6E-A13C-E3DA122EE4D9}.Release|Any CPU.ActiveCfg = Release|Any CPU
		{1207D7AE-1815-4C6E-A13C-E3DA122EE4D9}.Release|Any CPU.Build.0 = Release|Any CPU
		{7D6BC5E5-7CC8-4A0C-86BA-310816E444AC}.Debug|Any CPU.ActiveCfg = Debug|Any CPU
		{7D6BC5E5-7CC8-4A0C-86BA-310816E444AC}.Debug|Any CPU.Build.0 = Debug|Any CPU
		{7D6BC5E5-7CC8-4A0C-86BA-310816E444AC}.Release|Any CPU.ActiveCfg = Release|Any CPU
		{7D6BC5E5-7CC8-4A0C-86BA-310816E444AC}.Release|Any CPU.Build.0 = Release|Any CPU
		{EBD81A59-98FE-4B7A-8831-67769BCF27F6}.Debug|Any CPU.ActiveCfg = Debug|Any CPU
		{EBD81A59-98FE-4B7A-8831-67769BCF27F6}.Debug|Any CPU.Build.0 = Debug|Any CPU
		{EBD81A59-98FE-4B7A-8831-67769BCF27F6}.Release|Any CPU.ActiveCfg = Release|Any CPU
		{EBD81A59-98FE-4B7A-8831-67769BCF27F6}.Release|Any CPU.Build.0 = Release|Any CPU
		{1AA49847-4E32-47AD-9963-4C32DCBD8D42}.Debug|Any CPU.ActiveCfg = Debug|Any CPU
		{1AA49847-4E32-47AD-9963-4C32DCBD8D42}.Debug|Any CPU.Build.0 = Debug|Any CPU
		{1AA49847-4E32-47AD-9963-4C32DCBD8D42}.Release|Any CPU.ActiveCfg = Release|Any CPU
		{1AA49847-4E32-47AD-9963-4C32DCBD8D42}.Release|Any CPU.Build.0 = Release|Any CPU
		{7FF3F7DD-B54B-4E5D-800D-DF0ADDCFA07C}.Debug|Any CPU.ActiveCfg = Debug|Any CPU
		{7FF3F7DD-B54B-4E5D-800D-DF0ADDCFA07C}.Debug|Any CPU.Build.0 = Debug|Any CPU
		{7FF3F7DD-B54B-4E5D-800D-DF0ADDCFA07C}.Release|Any CPU.ActiveCfg = Release|Any CPU
		{7FF3F7DD-B54B-4E5D-800D-DF0ADDCFA07C}.Release|Any CPU.Build.0 = Release|Any CPU
		{ED85E28A-87E7-4A2F-A187-AD7B312AE755}.Debug|Any CPU.ActiveCfg = Debug|Any CPU
		{ED85E28A-87E7-4A2F-A187-AD7B312AE755}.Debug|Any CPU.Build.0 = Debug|Any CPU
		{ED85E28A-87E7-4A2F-A187-AD7B312AE755}.Release|Any CPU.ActiveCfg = Release|Any CPU
		{ED85E28A-87E7-4A2F-A187-AD7B312AE755}.Release|Any CPU.Build.0 = Release|Any CPU
		{A23296FD-1EE1-4D9F-8A06-BDCCBC871E3B}.Debug|Any CPU.ActiveCfg = Debug|Any CPU
		{A23296FD-1EE1-4D9F-8A06-BDCCBC871E3B}.Debug|Any CPU.Build.0 = Debug|Any CPU
		{A23296FD-1EE1-4D9F-8A06-BDCCBC871E3B}.Release|Any CPU.ActiveCfg = Release|Any CPU
		{A23296FD-1EE1-4D9F-8A06-BDCCBC871E3B}.Release|Any CPU.Build.0 = Release|Any CPU
		{F9310300-FE26-49A0-AFA9-0EFD11C9F31F}.Debug|Any CPU.ActiveCfg = Debug|Any CPU
		{F9310300-FE26-49A0-AFA9-0EFD11C9F31F}.Debug|Any CPU.Build.0 = Debug|Any CPU
		{F9310300-FE26-49A0-AFA9-0EFD11C9F31F}.Release|Any CPU.ActiveCfg = Release|Any CPU
		{F9310300-FE26-49A0-AFA9-0EFD11C9F31F}.Release|Any CPU.Build.0 = Release|Any CPU
	EndGlobalSection
	GlobalSection(SolutionProperties) = preSolution
		HideSolutionNode = FALSE
	EndGlobalSection
	GlobalSection(ExtensibilityGlobals) = postSolution
		SolutionGuid = {5F10C913-47FF-4C7D-BD36-D3013979B20A}
	EndGlobalSection
EndGlobal
